
Microsoft Visual Studio Solution File, Format Version 12.00
# Visual Studio 2013
VisualStudioVersion = 12.0.21005.1
MinimumVisualStudioVersion = 10.0.40219.1
Project("{FAE04EC0-301F-11D3-BF4B-00C04F79EFBC}") = "FoveaExampleRestfulApplication", "FoveaExampleRestfulApplication\FoveaExampleRestfulApplication.csproj", "{F0E8F3B2-B317-40A5-90DE-47006BCBA526}"
EndProject
Project("{FAE04EC0-301F-11D3-BF4B-00C04F79EFBC}") = "FoveaExampleRestfulApplicationTest", "FoveaExampleRestfulApplicationTest\FoveaExampleRestfulApplicationTest.csproj", "{468E7791-C3E6-42DF-AEB3-C3FF467F105C}"
EndProject
Project("{FAE04EC0-301F-11D3-BF4B-00C04F79EFBC}") = "FoveaExampleRepository", "FoveaExampleRepository\FoveaExampleRepository.csproj", "{476C8013-B900-4F43-98C9-32FC957E1EA3}"
EndProject
Global
	GlobalSection(SolutionConfigurationPlatforms) = preSolution
		Debug|Any CPU = Debug|Any CPU
		Release|Any CPU = Release|Any CPU
	EndGlobalSection
	GlobalSection(ProjectConfigurationPlatforms) = postSolution
		{F0E8F3B2-B317-40A5-90DE-47006BCBA526}.Debug|Any CPU.ActiveCfg = Debug|Any CPU
		{F0E8F3B2-B317-40A5-90DE-47006BCBA526}.Debug|Any CPU.Build.0 = Debug|Any CPU
		{F0E8F3B2-B317-40A5-90DE-47006BCBA526}.Release|Any CPU.ActiveCfg = Release|Any CPU
		{F0E8F3B2-B317-40A5-90DE-47006BCBA526}.Release|Any CPU.Build.0 = Release|Any CPU
		{468E7791-C3E6-42DF-AEB3-C3FF467F105C}.Debug|Any CPU.ActiveCfg = Debug|Any CPU
		{468E7791-C3E6-42DF-AEB3-C3FF467F105C}.Debug|Any CPU.Build.0 = Debug|Any CPU
		{468E7791-C3E6-42DF-AEB3-C3FF467F105C}.Release|Any CPU.ActiveCfg = Release|Any CPU
		{468E7791-C3E6-42DF-AEB3-C3FF467F105C}.Release|Any CPU.Build.0 = Release|Any CPU
		{476C8013-B900-4F43-98C9-32FC957E1EA3}.Debug|Any CPU.ActiveCfg = Debug|Any CPU
		{476C8013-B900-4F43-98C9-32FC957E1EA3}.Debug|Any CPU.Build.0 = Debug|Any CPU
		{476C8013-B900-4F43-98C9-32FC957E1EA3}.Release|Any CPU.ActiveCfg = Release|Any CPU
		{476C8013-B900-4F43-98C9-32FC957E1EA3}.Release|Any CPU.Build.0 = Release|Any CPU
	EndGlobalSection
	GlobalSection(SolutionProperties) = preSolution
		HideSolutionNode = FALSE
	EndGlobalSection
EndGlobal
